
Microsoft Visual Studio Solution File, Format Version 12.00
# Visual Studio Version 17
VisualStudioVersion = 17.0.31903.59
MinimumVisualStudioVersion = 10.0.40219.1
Project("{FAE04EC0-301F-11D3-BF4B-00C04F79EFBC}") = "TabgInstaller.Core", "TabgInstaller.Core\TabgInstaller.Core.csproj", "{AD81A1D2-4F34-4E77-96C2-5BDF98AFBECD}"
EndProject
Project("{FAE04EC0-301F-11D3-BF4B-00C04F79EFBC}") = "TabgInstaller.Gui", "TabgInstaller.Gui\TabgInstaller.Gui.csproj", "{D60B42BC-C74A-4025-9EEF-DA5D17EC4124}"
EndProject
Project("{FAE04EC0-301F-11D3-BF4B-00C04F79EFBC}") = "TabgInstaller.LinuxGui", "TabgInstaller.LinuxGui\TabgInstaller.LinuxGui.csproj", "{4E6F65F4-5407-4F26-86A5-14B5B886476E}"
EndProject
Project("{FAE04EC0-301F-11D3-BF4B-00C04F79EFBC}") = "TabgInstaller.AntiCheatBypass", "TabgInstaller.AntiCheatBypass\TabgInstaller.AntiCheatBypass.csproj", "{FFEA6A5C-7CDF-400D-A87F-FD95D41CEB1B}"
EndProject
Project("{FAE04EC0-301F-11D3-BF4B-00C04F79EFBC}") = "ConfigSanitizer", "ConfigSanitizer\ConfigSanitizer.csproj", "{8C0E2F76-7AC5-408C-AE68-A8B2F2830025}"
EndProject
Project("{FAE04EC0-301F-11D3-BF4B-00C04F79EFBC}") = "TabgInstaller.UnusedVehicles", "TabgInstaller.UnusedVehicles\TabgInstaller.UnusedVehicles.csproj", "{B1A2C3D4-E5F6-7890-ABCD-EF1234567890}"
EndProject
Project("{FAE04EC0-301F-11D3-BF4B-00C04F79EFBC}") = "TabgInstaller.FlyingControls", "TabgInstaller.FlyingControls\TabgInstaller.FlyingControls.csproj", "{C2D3E4F5-A6B7-8901-CDEF-123456789ABC}"
EndProject
Project("{FAE04EC0-301F-11D3-BF4B-00C04F79EFBC}") = "TabgInstaller.ProximityChat.Server", "TabgInstaller.ProximityChat.Server\TabgInstaller.ProximityChat.Server.csproj", "{A1B2C3D4-5678-9ABC-DEF0-111111111111}"
EndProject
Project("{FAE04EC0-301F-11D3-BF4B-00C04F79EFBC}") = "TabgInstaller.ProximityChat.Client", "TabgInstaller.ProximityChat.Client\TabgInstaller.ProximityChat.Client.csproj", "{A1B2C3D4-5678-9ABC-DEF0-222222222222}"
EndProject
Project("{FAE04EC0-301F-11D3-BF4B-00C04F79EFBC}") = "TabgInstaller.AdminRadar.Server", "TabgInstaller.AdminRadar.Server\TabgInstaller.AdminRadar.Server.csproj", "{0E1C861C-806C-4D6E-B35E-D4755010D6E1}"
EndProject
Project("{FAE04EC0-301F-11D3-BF4B-00C04F79EFBC}") = "TabgInstaller.AdminRadar.Client", "TabgInstaller.AdminRadar.Client\TabgInstaller.AdminRadar.Client.csproj", "{710D2FDE-B410-439C-9886-CEB00BA66A77}"
EndProject
Project("{FAE04EC0-301F-11D3-BF4B-00C04F79EFBC}") = "TabgInstaller.FakePlayers", "TabgInstaller.FakePlayers\TabgInstaller.FakePlayers.csproj", "{87BA3A4D-AA34-71EF-F50A-5BCC960F488D}"
EndProject
Project("{FAE04EC0-301F-11D3-BF4B-00C04F79EFBC}") = "TabgInstaller.Tests", "TabgInstaller.Tests\TabgInstaller.Tests.csproj", "{75C74985-E9F9-4FF6-8013-D4C0F78FB58C}"
EndProject
Project("{FAE04EC0-301F-11D3-BF4B-00C04F79EFBC}") = "TabgInstaller.MatchCore", "TabgInstaller.MatchCore\TabgInstaller.MatchCore.csproj", "{FC516DC5-EBA9-4E10-9D2C-D04A80B0D0F8}"
EndProject
Project("{FAE04EC0-301F-11D3-BF4B-00C04F79EFBC}") = "TabgInstaller.EnhancedClient", "TabgInstaller.EnhancedClient\TabgInstaller.EnhancedClient.csproj", "{312CB339-0C9B-43CB-BB6E-58E55753FDAF}"
EndProject
Project("{FAE04EC0-301F-11D3-BF4B-00C04F79EFBC}") = "TabgInstaller.PopupBlocker", "TabgInstaller.PopupBlocker\TabgInstaller.PopupBlocker.csproj", "{96AA2A60-FB21-416B-BCAF-7431687909FC}"
EndProject
Project("{FAE04EC0-301F-11D3-BF4B-00C04F79EFBC}") = "TabgInstaller.ServerLogger", "TabgInstaller.ServerLogger\TabgInstaller.ServerLogger.csproj", "{EF0AFAC1-4255-467B-80D7-7DBAAEC7303A}"
EndProject
Project("{FAE04EC0-301F-11D3-BF4B-00C04F79EFBC}") = "TabgInstaller.ModSettings", "TabgInstaller.ModSettings\TabgInstaller.ModSettings.csproj", "{690A8914-AC96-4E20-966A-321D3427C2C2}"
EndProject
Project("{FAE04EC0-301F-11D3-BF4B-00C04F79EFBC}") = "TabgInstaller.CoordsDisplay", "TabgInstaller.CoordsDisplay\TabgInstaller.CoordsDisplay.csproj", "{825B90BC-4590-4A78-9AD4-A6FAF2596C45}"
EndProject
Project("{FAE04EC0-301F-11D3-BF4B-00C04F79EFBC}") = "TabgInstaller.CustomGrenades", "TabgInstaller.CustomGrenades\TabgInstaller.CustomGrenades.csproj", "{FCC5A26B-0E87-4083-B810-A460F9ADAE2D}"
EndProject
Project("{FAE04EC0-301F-11D3-BF4B-00C04F79EFBC}") = "TabgInstaller.SoloTesting", "TabgInstaller.SoloTesting\TabgInstaller.SoloTesting.csproj", "{D743B894-081E-445F-AB22-F58CF6760432}"
EndProject
Project("{FAE04EC0-301F-11D3-BF4B-00C04F79EFBC}") = "TabgInstaller.App", "TabgInstaller.App\TabgInstaller.App.csproj", "{071C7E3F-9666-4557-B7CF-AE9AA88B007F}"
EndProject
Project("{FAE04EC0-301F-11D3-BF4B-00C04F79EFBC}") = "TabgInstaller.UI", "TabgInstaller.UI\TabgInstaller.UI.csproj", "{2B55C863-20E5-414C-9154-596C4B098439}"
EndProject
Global
	GlobalSection(SolutionConfigurationPlatforms) = preSolution
		Debug|Any CPU = Debug|Any CPU
		Debug|x64 = Debug|x64
		Debug|x86 = Debug|x86
		Release|Any CPU = Release|Any CPU
		Release|x64 = Release|x64
		Release|x86 = Release|x86
	EndGlobalSection
	GlobalSection(ProjectConfigurationPlatforms) = postSolution
		{AD81A1D2-4F34-4E77-96C2-5BDF98AFBECD}.Debug|Any CPU.ActiveCfg = Debug|Any CPU
		{AD81A1D2-4F34-4E77-96C2-5BDF98AFBECD}.Debug|Any CPU.Build.0 = Debug|Any CPU
		{AD81A1D2-4F34-4E77-96C2-5BDF98AFBECD}.Debug|x64.ActiveCfg = Debug|Any CPU
		{AD81A1D2-4F34-4E77-96C2-5BDF98AFBECD}.Debug|x64.Build.0 = Debug|Any CPU
		{AD81A1D2-4F34-4E77-96C2-5BDF98AFBECD}.Debug|x86.ActiveCfg = Debug|Any CPU
		{AD81A1D2-4F34-4E77-96C2-5BDF98AFBECD}.Debug|x86.Build.0 = Debug|Any CPU
		{AD81A1D2-4F34-4E77-96C2-5BDF98AFBECD}.Release|Any CPU.ActiveCfg = Release|Any CPU
		{AD81A1D2-4F34-4E77-96C2-5BDF98AFBECD}.Release|Any CPU.Build.0 = Release|Any CPU
		{AD81A1D2-4F34-4E77-96C2-5BDF98AFBECD}.Release|x64.ActiveCfg = Release|Any CPU
		{AD81A1D2-4F34-4E77-96C2-5BDF98AFBECD}.Release|x64.Build.0 = Release|Any CPU
		{AD81A1D2-4F34-4E77-96C2-5BDF98AFBECD}.Release|x86.ActiveCfg = Release|Any CPU
		{AD81A1D2-4F34-4E77-96C2-5BDF98AFBECD}.Release|x86.Build.0 = Release|Any CPU
		{D60B42BC-C74A-4025-9EEF-DA5D17EC4124}.Debug|Any CPU.ActiveCfg = Debug|Any CPU
		{D60B42BC-C74A-4025-9EEF-DA5D17EC4124}.Debug|Any CPU.Build.0 = Debug|Any CPU
		{D60B42BC-C74A-4025-9EEF-DA5D17EC4124}.Debug|x64.ActiveCfg = Debug|Any CPU
		{D60B42BC-C74A-4025-9EEF-DA5D17EC4124}.Debug|x64.Build.0 = Debug|Any CPU
		{D60B42BC-C74A-4025-9EEF-DA5D17EC4124}.Debug|x86.ActiveCfg = Debug|Any CPU
		{D60B42BC-C74A-4025-9EEF-DA5D17EC4124}.Debug|x86.Build.0 = Debug|Any CPU
		{D60B42BC-C74A-4025-9EEF-DA5D17EC4124}.Release|Any CPU.ActiveCfg = Release|Any CPU
		{D60B42BC-C74A-4025-9EEF-DA5D17EC4124}.Release|Any CPU.Build.0 = Release|Any CPU
		{D60B42BC-C74A-4025-9EEF-DA5D17EC4124}.Release|x64.ActiveCfg = Release|Any CPU
		{D60B42BC-C74A-4025-9EEF-DA5D17EC4124}.Release|x64.Build.0 = Release|Any CPU
		{D60B42BC-C74A-4025-9EEF-DA5D17EC4124}.Release|x86.ActiveCfg = Release|Any CPU
		{D60B42BC-C74A-4025-9EEF-DA5D17EC4124}.Release|x86.Build.0 = Release|Any CPU
		{4E6F65F4-5407-4F26-86A5-14B5B886476E}.Debug|Any CPU.ActiveCfg = Debug|Any CPU
		{4E6F65F4-5407-4F26-86A5-14B5B886476E}.Debug|Any CPU.Build.0 = Debug|Any CPU
		{4E6F65F4-5407-4F26-86A5-14B5B886476E}.Debug|x64.ActiveCfg = Debug|Any CPU
		{4E6F65F4-5407-4F26-86A5-14B5B886476E}.Debug|x64.Build.0 = Debug|Any CPU
		{4E6F65F4-5407-4F26-86A5-14B5B886476E}.Debug|x86.ActiveCfg = Debug|Any CPU
		{4E6F65F4-5407-4F26-86A5-14B5B886476E}.Debug|x86.Build.0 = Debug|Any CPU
		{4E6F65F4-5407-4F26-86A5-14B5B886476E}.Release|Any CPU.ActiveCfg = Release|Any CPU
		{4E6F65F4-5407-4F26-86A5-14B5B886476E}.Release|Any CPU.Build.0 = Release|Any CPU
		{4E6F65F4-5407-4F26-86A5-14B5B886476E}.Release|x64.ActiveCfg = Release|Any CPU
		{4E6F65F4-5407-4F26-86A5-14B5B886476E}.Release|x64.Build.0 = Release|Any CPU
		{4E6F65F4-5407-4F26-86A5-14B5B886476E}.Release|x86.ActiveCfg = Release|Any CPU
		{4E6F65F4-5407-4F26-86A5-14B5B886476E}.Release|x86.Build.0 = Release|Any CPU
		{FFEA6A5C-7CDF-400D-A87F-FD95D41CEB1B}.Debug|Any CPU.ActiveCfg = Debug|Any CPU
		{FFEA6A5C-7CDF-400D-A87F-FD95D41CEB1B}.Debug|Any CPU.Build.0 = Debug|Any CPU
		{FFEA6A5C-7CDF-400D-A87F-FD95D41CEB1B}.Debug|x64.ActiveCfg = Debug|Any CPU
		{FFEA6A5C-7CDF-400D-A87F-FD95D41CEB1B}.Debug|x64.Build.0 = Debug|Any CPU
		{FFEA6A5C-7CDF-400D-A87F-FD95D41CEB1B}.Debug|x86.ActiveCfg = Debug|Any CPU
		{FFEA6A5C-7CDF-400D-A87F-FD95D41CEB1B}.Debug|x86.Build.0 = Debug|Any CPU
		{FFEA6A5C-7CDF-400D-A87F-FD95D41CEB1B}.Release|Any CPU.ActiveCfg = Release|Any CPU
		{FFEA6A5C-7CDF-400D-A87F-FD95D41CEB1B}.Release|Any CPU.Build.0 = Release|Any CPU
		{FFEA6A5C-7CDF-400D-A87F-FD95D41CEB1B}.Release|x64.ActiveCfg = Release|Any CPU
		{FFEA6A5C-7CDF-400D-A87F-FD95D41CEB1B}.Release|x64.Build.0 = Release|Any CPU
		{FFEA6A5C-7CDF-400D-A87F-FD95D41CEB1B}.Release|x86.ActiveCfg = Release|Any CPU
		{FFEA6A5C-7CDF-400D-A87F-FD95D41CEB1B}.Release|x86.Build.0 = Release|Any CPU
		{8C0E2F76-7AC5-408C-AE68-A8B2F2830025}.Debug|Any CPU.ActiveCfg = Debug|Any CPU
		{8C0E2F76-7AC5-408C-AE68-A8B2F2830025}.Debug|Any CPU.Build.0 = Debug|Any CPU
		{8C0E2F76-7AC5-408C-AE68-A8B2F2830025}.Debug|x64.ActiveCfg = Debug|Any CPU
		{8C0E2F76-7AC5-408C-AE68-A8B2F2830025}.Debug|x64.Build.0 = Debug|Any CPU
		{8C0E2F76-7AC5-408C-AE68-A8B2F2830025}.Debug|x86.ActiveCfg = Debug|Any CPU
		{8C0E2F76-7AC5-408C-AE68-A8B2F2830025}.Debug|x86.Build.0 = Debug|Any CPU
		{8C0E2F76-7AC5-408C-AE68-A8B2F2830025}.Release|Any CPU.ActiveCfg = Release|Any CPU
		{8C0E2F76-7AC5-408C-AE68-A8B2F2830025}.Release|Any CPU.Build.0 = Release|Any CPU
		{8C0E2F76-7AC5-408C-AE68-A8B2F2830025}.Release|x64.ActiveCfg = Release|Any CPU
		{8C0E2F76-7AC5-408C-AE68-A8B2F2830025}.Release|x64.Build.0 = Release|Any CPU
		{8C0E2F76-7AC5-408C-AE68-A8B2F2830025}.Release|x86.ActiveCfg = Release|Any CPU
		{8C0E2F76-7AC5-408C-AE68-A8B2F2830025}.Release|x86.Build.0 = Release|Any CPU
		{B1A2C3D4-E5F6-7890-ABCD-EF1234567890}.Debug|Any CPU.ActiveCfg = Debug|Any CPU
		{B1A2C3D4-E5F6-7890-ABCD-EF1234567890}.Debug|Any CPU.Build.0 = Debug|Any CPU
		{B1A2C3D4-E5F6-7890-ABCD-EF1234567890}.Debug|x64.ActiveCfg = Debug|Any CPU
		{B1A2C3D4-E5F6-7890-ABCD-EF1234567890}.Debug|x64.Build.0 = Debug|Any CPU
		{B1A2C3D4-E5F6-7890-ABCD-EF1234567890}.Debug|x86.ActiveCfg = Debug|Any CPU
		{B1A2C3D4-E5F6-7890-ABCD-EF1234567890}.Debug|x86.Build.0 = Debug|Any CPU
		{B1A2C3D4-E5F6-7890-ABCD-EF1234567890}.Release|Any CPU.ActiveCfg = Release|Any CPU
		{B1A2C3D4-E5F6-7890-ABCD-EF1234567890}.Release|Any CPU.Build.0 = Release|Any CPU
		{B1A2C3D4-E5F6-7890-ABCD-EF1234567890}.Release|x64.ActiveCfg = Release|Any CPU
		{B1A2C3D4-E5F6-7890-ABCD-EF1234567890}.Release|x64.Build.0 = Release|Any CPU
		{B1A2C3D4-E5F6-7890-ABCD-EF1234567890}.Release|x86.ActiveCfg = Release|Any CPU
		{B1A2C3D4-E5F6-7890-ABCD-EF1234567890}.Release|x86.Build.0 = Release|Any CPU
		{C2D3E4F5-A6B7-8901-CDEF-123456789ABC}.Debug|Any CPU.ActiveCfg = Debug|Any CPU
		{C2D3E4F5-A6B7-8901-CDEF-123456789ABC}.Debug|Any CPU.Build.0 = Debug|Any CPU
		{C2D3E4F5-A6B7-8901-CDEF-123456789ABC}.Debug|x64.ActiveCfg = Debug|Any CPU
		{C2D3E4F5-A6B7-8901-CDEF-123456789ABC}.Debug|x64.Build.0 = Debug|Any CPU
		{C2D3E4F5-A6B7-8901-CDEF-123456789ABC}.Debug|x86.ActiveCfg = Debug|Any CPU
		{C2D3E4F5-A6B7-8901-CDEF-123456789ABC}.Debug|x86.Build.0 = Debug|Any CPU
		{C2D3E4F5-A6B7-8901-CDEF-123456789ABC}.Release|Any CPU.ActiveCfg = Release|Any CPU
		{C2D3E4F5-A6B7-8901-CDEF-123456789ABC}.Release|Any CPU.Build.0 = Release|Any CPU
		{C2D3E4F5-A6B7-8901-CDEF-123456789ABC}.Release|x64.ActiveCfg = Release|Any CPU
		{C2D3E4F5-A6B7-8901-CDEF-123456789ABC}.Release|x64.Build.0 = Release|Any CPU
		{C2D3E4F5-A6B7-8901-CDEF-123456789ABC}.Release|x86.ActiveCfg = Release|Any CPU
		{C2D3E4F5-A6B7-8901-CDEF-123456789ABC}.Release|x86.Build.0 = Release|Any CPU
		{A1B2C3D4-5678-9ABC-DEF0-111111111111}.Debug|Any CPU.ActiveCfg = Debug|Any CPU
		{A1B2C3D4-5678-9ABC-DEF0-111111111111}.Debug|Any CPU.Build.0 = Debug|Any CPU
		{A1B2C3D4-5678-9ABC-DEF0-111111111111}.Debug|x64.ActiveCfg = Debug|Any CPU
		{A1B2C3D4-5678-9ABC-DEF0-111111111111}.Debug|x64.Build.0 = Debug|Any CPU
		{A1B2C3D4-5678-9ABC-DEF0-111111111111}.Debug|x86.ActiveCfg = Debug|Any CPU
		{A1B2C3D4-5678-9ABC-DEF0-111111111111}.Debug|x86.Build.0 = Debug|Any CPU
		{A1B2C3D4-5678-9ABC-DEF0-111111111111}.Release|Any CPU.ActiveCfg = Release|Any CPU
		{A1B2C3D4-5678-9ABC-DEF0-111111111111}.Release|Any CPU.Build.0 = Release|Any CPU
		{A1B2C3D4-5678-9ABC-DEF0-111111111111}.Release|x64.ActiveCfg = Release|Any CPU
		{A1B2C3D4-5678-9ABC-DEF0-111111111111}.Release|x64.Build.0 = Release|Any CPU
		{A1B2C3D4-5678-9ABC-DEF0-111111111111}.Release|x86.ActiveCfg = Release|Any CPU
		{A1B2C3D4-5678-9ABC-DEF0-111111111111}.Release|x86.Build.0 = Release|Any CPU
		{A1B2C3D4-5678-9ABC-DEF0-222222222222}.Debug|Any CPU.ActiveCfg = Debug|Any CPU
		{A1B2C3D4-5678-9ABC-DEF0-222222222222}.Debug|Any CPU.Build.0 = Debug|Any CPU
		{A1B2C3D4-5678-9ABC-DEF0-222222222222}.Debug|x64.ActiveCfg = Debug|Any CPU
		{A1B2C3D4-5678-9ABC-DEF0-222222222222}.Debug|x64.Build.0 = Debug|Any CPU
		{A1B2C3D4-5678-9ABC-DEF0-222222222222}.Debug|x86.ActiveCfg = Debug|Any CPU
		{A1B2C3D4-5678-9ABC-DEF0-222222222222}.Debug|x86.Build.0 = Debug|Any CPU
		{A1B2C3D4-5678-9ABC-DEF0-222222222222}.Release|Any CPU.ActiveCfg = Release|Any CPU
		{A1B2C3D4-5678-9ABC-DEF0-222222222222}.Release|Any CPU.Build.0 = Release|Any CPU
		{A1B2C3D4-5678-9ABC-DEF0-222222222222}.Release|x64.ActiveCfg = Release|Any CPU
		{A1B2C3D4-5678-9ABC-DEF0-222222222222}.Release|x64.Build.0 = Release|Any CPU
		{A1B2C3D4-5678-9ABC-DEF0-222222222222}.Release|x86.ActiveCfg = Release|Any CPU
		{A1B2C3D4-5678-9ABC-DEF0-222222222222}.Release|x86.Build.0 = Release|Any CPU
		{0E1C861C-806C-4D6E-B35E-D4755010D6E1}.Debug|Any CPU.ActiveCfg = Debug|Any CPU
		{0E1C861C-806C-4D6E-B35E-D4755010D6E1}.Debug|Any CPU.Build.0 = Debug|Any CPU
		{0E1C861C-806C-4D6E-B35E-D4755010D6E1}.Debug|x64.ActiveCfg = Debug|Any CPU
		{0E1C861C-806C-4D6E-B35E-D4755010D6E1}.Debug|x64.Build.0 = Debug|Any CPU
		{0E1C861C-806C-4D6E-B35E-D4755010D6E1}.Debug|x86.ActiveCfg = Debug|Any CPU
		{0E1C861C-806C-4D6E-B35E-D4755010D6E1}.Debug|x86.Build.0 = Debug|Any CPU
		{0E1C861C-806C-4D6E-B35E-D4755010D6E1}.Release|Any CPU.ActiveCfg = Release|Any CPU
		{0E1C861C-806C-4D6E-B35E-D4755010D6E1}.Release|Any CPU.Build.0 = Release|Any CPU
		{0E1C861C-806C-4D6E-B35E-D4755010D6E1}.Release|x64.ActiveCfg = Release|Any CPU
		{0E1C861C-806C-4D6E-B35E-D4755010D6E1}.Release|x64.Build.0 = Release|Any CPU
		{0E1C861C-806C-4D6E-B35E-D4755010D6E1}.Release|x86.ActiveCfg = Release|Any CPU
		{0E1C861C-806C-4D6E-B35E-D4755010D6E1}.Release|x86.Build.0 = Release|Any CPU
		{710D2FDE-B410-439C-9886-CEB00BA66A77}.Debug|Any CPU.ActiveCfg = Debug|Any CPU
		{710D2FDE-B410-439C-9886-CEB00BA66A77}.Debug|Any CPU.Build.0 = Debug|Any CPU
		{710D2FDE-B410-439C-9886-CEB00BA66A77}.Debug|x64.ActiveCfg = Debug|Any CPU
		{710D2FDE-B410-439C-9886-CEB00BA66A77}.Debug|x64.Build.0 = Debug|Any CPU
		{710D2FDE-B410-439C-9886-CEB00BA66A77}.Debug|x86.ActiveCfg = Debug|Any CPU
		{710D2FDE-B410-439C-9886-CEB00BA66A77}.Debug|x86.Build.0 = Debug|Any CPU
		{710D2FDE-B410-439C-9886-CEB00BA66A77}.Release|Any CPU.ActiveCfg = Release|Any CPU
		{710D2FDE-B410-439C-9886-CEB00BA66A77}.Release|Any CPU.Build.0 = Release|Any CPU
		{710D2FDE-B410-439C-9886-CEB00BA66A77}.Release|x64.ActiveCfg = Release|Any CPU
		{710D2FDE-B410-439C-9886-CEB00BA66A77}.Release|x64.Build.0 = Release|Any CPU
		{710D2FDE-B410-439C-9886-CEB00BA66A77}.Release|x86.ActiveCfg = Release|Any CPU
		{710D2FDE-B410-439C-9886-CEB00BA66A77}.Release|x86.Build.0 = Release|Any CPU
		{75C74985-E9F9-4FF6-8013-D4C0F78FB58C}.Debug|Any CPU.ActiveCfg = Debug|Any CPU
		{75C74985-E9F9-4FF6-8013-D4C0F78FB58C}.Debug|Any CPU.Build.0 = Debug|Any CPU
		{75C74985-E9F9-4FF6-8013-D4C0F78FB58C}.Debug|x64.ActiveCfg = Debug|Any CPU
		{75C74985-E9F9-4FF6-8013-D4C0F78FB58C}.Debug|x64.Build.0 = Debug|Any CPU
		{75C74985-E9F9-4FF6-8013-D4C0F78FB58C}.Debug|x86.ActiveCfg = Debug|Any CPU
		{75C74985-E9F9-4FF6-8013-D4C0F78FB58C}.Debug|x86.Build.0 = Debug|Any CPU
		{75C74985-E9F9-4FF6-8013-D4C0F78FB58C}.Release|Any CPU.ActiveCfg = Release|Any CPU
		{75C74985-E9F9-4FF6-8013-D4C0F78FB58C}.Release|Any CPU.Build.0 = Release|Any CPU
		{75C74985-E9F9-4FF6-8013-D4C0F78FB58C}.Release|x64.ActiveCfg = Release|Any CPU
		{75C74985-E9F9-4FF6-8013-D4C0F78FB58C}.Release|x64.Build.0 = Release|Any CPU
		{75C74985-E9F9-4FF6-8013-D4C0F78FB58C}.Release|x86.ActiveCfg = Release|Any CPU
		{75C74985-E9F9-4FF6-8013-D4C0F78FB58C}.Release|x86.Build.0 = Release|Any CPU
		{FC516DC5-EBA9-4E10-9D2C-D04A80B0D0F8}.Debug|Any CPU.ActiveCfg = Debug|Any CPU
		{FC516DC5-EBA9-4E10-9D2C-D04A80B0D0F8}.Debug|Any CPU.Build.0 = Debug|Any CPU
		{FC516DC5-EBA9-4E10-9D2C-D04A80B0D0F8}.Debug|x64.ActiveCfg = Debug|Any CPU
		{FC516DC5-EBA9-4E10-9D2C-D04A80B0D0F8}.Debug|x64.Build.0 = Debug|Any CPU
		{FC516DC5-EBA9-4E10-9D2C-D04A80B0D0F8}.Debug|x86.ActiveCfg = Debug|Any CPU
		{FC516DC5-EBA9-4E10-9D2C-D04A80B0D0F8}.Debug|x86.Build.0 = Debug|Any CPU
		{FC516DC5-EBA9-4E10-9D2C-D04A80B0D0F8}.Release|Any CPU.ActiveCfg = Release|Any CPU
		{FC516DC5-EBA9-4E10-9D2C-D04A80B0D0F8}.Release|Any CPU.Build.0 = Release|Any CPU
		{FC516DC5-EBA9-4E10-9D2C-D04A80B0D0F8}.Release|x64.ActiveCfg = Release|Any CPU
		{FC516DC5-EBA9-4E10-9D2C-D04A80B0D0F8}.Release|x64.Build.0 = Release|Any CPU
		{FC516DC5-EBA9-4E10-9D2C-D04A80B0D0F8}.Release|x86.ActiveCfg = Release|Any CPU
		{FC516DC5-EBA9-4E10-9D2C-D04A80B0D0F8}.Release|x86.Build.0 = Release|Any CPU
		{312CB339-0C9B-43CB-BB6E-58E55753FDAF}.Debug|Any CPU.ActiveCfg = Debug|Any CPU
		{312CB339-0C9B-43CB-BB6E-58E55753FDAF}.Debug|Any CPU.Build.0 = Debug|Any CPU
		{312CB339-0C9B-43CB-BB6E-58E55753FDAF}.Debug|x64.ActiveCfg = Debug|Any CPU
		{312CB339-0C9B-43CB-BB6E-58E55753FDAF}.Debug|x64.Build.0 = Debug|Any CPU
		{312CB339-0C9B-43CB-BB6E-58E55753FDAF}.Debug|x86.ActiveCfg = Debug|Any CPU
		{312CB339-0C9B-43CB-BB6E-58E55753FDAF}.Debug|x86.Build.0 = Debug|Any CPU
		{312CB339-0C9B-43CB-BB6E-58E55753FDAF}.Release|Any CPU.ActiveCfg = Release|Any CPU
		{312CB339-0C9B-43CB-BB6E-58E55753FDAF}.Release|Any CPU.Build.0 = Release|Any CPU
		{312CB339-0C9B-43CB-BB6E-58E55753FDAF}.Release|x64.ActiveCfg = Release|Any CPU
		{312CB339-0C9B-43CB-BB6E-58E55753FDAF}.Release|x64.Build.0 = Release|Any CPU
		{312CB339-0C9B-43CB-BB6E-58E55753FDAF}.Release|x86.ActiveCfg = Release|Any CPU
		{312CB339-0C9B-43CB-BB6E-58E55753FDAF}.Release|x86.Build.0 = Release|Any CPU
		{96AA2A60-FB21-416B-BCAF-7431687909FC}.Debug|Any CPU.ActiveCfg = Debug|Any CPU
		{96AA2A60-FB21-416B-BCAF-7431687909FC}.Debug|Any CPU.Build.0 = Debug|Any CPU
		{96AA2A60-FB21-416B-BCAF-7431687909FC}.Debug|x64.ActiveCfg = Debug|Any CPU
		{96AA2A60-FB21-416B-BCAF-7431687909FC}.Debug|x64.Build.0 = Debug|Any CPU
		{96AA2A60-FB21-416B-BCAF-7431687909FC}.Debug|x86.ActiveCfg = Debug|Any CPU
		{96AA2A60-FB21-416B-BCAF-7431687909FC}.Debug|x86.Build.0 = Debug|Any CPU
		{96AA2A60-FB21-416B-BCAF-7431687909FC}.Release|Any CPU.ActiveCfg = Release|Any CPU
		{96AA2A60-FB21-416B-BCAF-7431687909FC}.Release|Any CPU.Build.0 = Release|Any CPU
		{96AA2A60-FB21-416B-BCAF-7431687909FC}.Release|x64.ActiveCfg = Release|Any CPU
		{96AA2A60-FB21-416B-BCAF-7431687909FC}.Release|x64.Build.0 = Release|Any CPU
		{96AA2A60-FB21-416B-BCAF-7431687909FC}.Release|x86.ActiveCfg = Release|Any CPU
		{96AA2A60-FB21-416B-BCAF-7431687909FC}.Release|x86.Build.0 = Release|Any CPU
		{EF0AFAC1-4255-467B-80D7-7DBAAEC7303A}.Debug|Any CPU.ActiveCfg = Debug|Any CPU
		{EF0AFAC1-4255-467B-80D7-7DBAAEC7303A}.Debug|Any CPU.Build.0 = Debug|Any CPU
		{EF0AFAC1-4255-467B-80D7-7DBAAEC7303A}.Debug|x64.ActiveCfg = Debug|Any CPU
		{EF0AFAC1-4255-467B-80D7-7DBAAEC7303A}.Debug|x64.Build.0 = Debug|Any CPU
		{EF0AFAC1-4255-467B-80D7-7DBAAEC7303A}.Debug|x86.ActiveCfg = Debug|Any CPU
		{EF0AFAC1-4255-467B-80D7-7DBAAEC7303A}.Debug|x86.Build.0 = Debug|Any CPU
		{EF0AFAC1-4255-467B-80D7-7DBAAEC7303A}.Release|Any CPU.ActiveCfg = Release|Any CPU
		{EF0AFAC1-4255-467B-80D7-7DBAAEC7303A}.Release|Any CPU.Build.0 = Release|Any CPU
		{EF0AFAC1-4255-467B-80D7-7DBAAEC7303A}.Release|x64.ActiveCfg = Release|Any CPU
		{EF0AFAC1-4255-467B-80D7-7DBAAEC7303A}.Release|x64.Build.0 = Release|Any CPU
		{EF0AFAC1-4255-467B-80D7-7DBAAEC7303A}.Release|x86.ActiveCfg = Release|Any CPU
		{EF0AFAC1-4255-467B-80D7-7DBAAEC7303A}.Release|x86.Build.0 = Release|Any CPU
		{690A8914-AC96-4E20-966A-321D3427C2C2}.Debug|Any CPU.ActiveCfg = Debug|Any CPU
		{690A8914-AC96-4E20-966A-321D3427C2C2}.Debug|Any CPU.Build.0 = Debug|Any CPU
		{690A8914-AC96-4E20-966A-321D3427C2C2}.Debug|x64.ActiveCfg = Debug|Any CPU
		{690A8914-AC96-4E20-966A-321D3427C2C2}.Debug|x64.Build.0 = Debug|Any CPU
		{690A8914-AC96-4E20-966A-321D3427C2C2}.Debug|x86.ActiveCfg = Debug|Any CPU
		{690A8914-AC96-4E20-966A-321D3427C2C2}.Debug|x86.Build.0 = Debug|Any CPU
		{690A8914-AC96-4E20-966A-321D3427C2C2}.Release|Any CPU.ActiveCfg = Release|Any CPU
		{690A8914-AC96-4E20-966A-321D3427C2C2}.Release|Any CPU.Build.0 = Release|Any CPU
		{690A8914-AC96-4E20-966A-321D3427C2C2}.Release|x64.ActiveCfg = Release|Any CPU
		{690A8914-AC96-4E20-966A-321D3427C2C2}.Release|x64.Build.0 = Release|Any CPU
		{690A8914-AC96-4E20-966A-321D3427C2C2}.Release|x86.ActiveCfg = Release|Any CPU
		{690A8914-AC96-4E20-966A-321D3427C2C2}.Release|x86.Build.0 = Release|Any CPU
		{825B90BC-4590-4A78-9AD4-A6FAF2596C45}.Debug|Any CPU.ActiveCfg = Debug|Any CPU
		{825B90BC-4590-4A78-9AD4-A6FAF2596C45}.Debug|Any CPU.Build.0 = Debug|Any CPU
		{825B90BC-4590-4A78-9AD4-A6FAF2596C45}.Debug|x64.ActiveCfg = Debug|Any CPU
		{825B90BC-4590-4A78-9AD4-A6FAF2596C45}.Debug|x64.Build.0 = Debug|Any CPU
		{825B90BC-4590-4A78-9AD4-A6FAF2596C45}.Debug|x86.ActiveCfg = Debug|Any CPU
		{825B90BC-4590-4A78-9AD4-A6FAF2596C45}.Debug|x86.Build.0 = Debug|Any CPU
		{825B90BC-4590-4A78-9AD4-A6FAF2596C45}.Release|Any CPU.ActiveCfg = Release|Any CPU
		{825B90BC-4590-4A78-9AD4-A6FAF2596C45}.Release|Any CPU.Build.0 = Release|Any CPU
		{825B90BC-4590-4A78-9AD4-A6FAF2596C45}.Release|x64.ActiveCfg = Release|Any CPU
		{825B90BC-4590-4A78-9AD4-A6FAF2596C45}.Release|x64.Build.0 = Release|Any CPU
		{825B90BC-4590-4A78-9AD4-A6FAF2596C45}.Release|x86.ActiveCfg = Release|Any CPU
		{825B90BC-4590-4A78-9AD4-A6FAF2596C45}.Release|x86.Build.0 = Release|Any CPU
		{FCC5A26B-0E87-4083-B810-A460F9ADAE2D}.Debug|Any CPU.ActiveCfg = Debug|Any CPU
		{FCC5A26B-0E87-4083-B810-A460F9ADAE2D}.Debug|Any CPU.Build.0 = Debug|Any CPU
		{FCC5A26B-0E87-4083-B810-A460F9ADAE2D}.Debug|x64.ActiveCfg = Debug|Any CPU
		{FCC5A26B-0E87-4083-B810-A460F9ADAE2D}.Debug|x64.Build.0 = Debug|Any CPU
		{FCC5A26B-0E87-4083-B810-A460F9ADAE2D}.Debug|x86.ActiveCfg = Debug|Any CPU
		{FCC5A26B-0E87-4083-B810-A460F9ADAE2D}.Debug|x86.Build.0 = Debug|Any CPU
		{FCC5A26B-0E87-4083-B810-A460F9ADAE2D}.Release|Any CPU.ActiveCfg = Release|Any CPU
		{FCC5A26B-0E87-4083-B810-A460F9ADAE2D}.Release|Any CPU.Build.0 = Release|Any CPU
		{FCC5A26B-0E87-4083-B810-A460F9ADAE2D}.Release|x64.ActiveCfg = Release|Any CPU
		{FCC5A26B-0E87-4083-B810-A460F9ADAE2D}.Release|x64.Build.0 = Release|Any CPU
		{FCC5A26B-0E87-4083-B810-A460F9ADAE2D}.Release|x86.ActiveCfg = Release|Any CPU
		{FCC5A26B-0E87-4083-B810-A460F9ADAE2D}.Release|x86.Build.0 = Release|Any CPU
		{D743B894-081E-445F-AB22-F58CF6760432}.Debug|Any CPU.ActiveCfg = Debug|Any CPU
		{D743B894-081E-445F-AB22-F58CF6760432}.Debug|Any CPU.Build.0 = Debug|Any CPU
		{D743B894-081E-445F-AB22-F58CF6760432}.Debug|x64.ActiveCfg = Debug|Any CPU
		{D743B894-081E-445F-AB22-F58CF6760432}.Debug|x64.Build.0 = Debug|Any CPU
		{D743B894-081E-445F-AB22-F58CF6760432}.Debug|x86.ActiveCfg = Debug|Any CPU
		{D743B894-081E-445F-AB22-F58CF6760432}.Debug|x86.Build.0 = Debug|Any CPU
		{D743B894-081E-445F-AB22-F58CF6760432}.Release|Any CPU.ActiveCfg = Release|Any CPU
		{D743B894-081E-445F-AB22-F58CF6760432}.Release|Any CPU.Build.0 = Release|Any CPU
		{D743B894-081E-445F-AB22-F58CF6760432}.Release|x64.ActiveCfg = Release|Any CPU
		{D743B894-081E-445F-AB22-F58CF6760432}.Release|x64.Build.0 = Release|Any CPU
		{D743B894-081E-445F-AB22-F58CF6760432}.Release|x86.ActiveCfg = Release|Any CPU
		{D743B894-081E-445F-AB22-F58CF6760432}.Release|x86.Build.0 = Release|Any CPU
		{071C7E3F-9666-4557-B7CF-AE9AA88B007F}.Debug|Any CPU.ActiveCfg = Debug|Any CPU
		{071C7E3F-9666-4557-B7CF-AE9AA88B007F}.Debug|Any CPU.Build.0 = Debug|Any CPU
		{071C7E3F-9666-4557-B7CF-AE9AA88B007F}.Debug|x64.ActiveCfg = Debug|Any CPU
		{071C7E3F-9666-4557-B7CF-AE9AA88B007F}.Debug|x64.Build.0 = Debug|Any CPU
		{071C7E3F-9666-4557-B7CF-AE9AA88B007F}.Debug|x86.ActiveCfg = Debug|Any CPU
		{071C7E3F-9666-4557-B7CF-AE9AA88B007F}.Debug|x86.Build.0 = Debug|Any CPU
		{071C7E3F-9666-4557-B7CF-AE9AA88B007F}.Release|Any CPU.ActiveCfg = Release|Any CPU
		{071C7E3F-9666-4557-B7CF-AE9AA88B007F}.Release|Any CPU.Build.0 = Release|Any CPU
		{071C7E3F-9666-4557-B7CF-AE9AA88B007F}.Release|x64.ActiveCfg = Release|Any CPU
		{071C7E3F-9666-4557-B7CF-AE9AA88B007F}.Release|x64.Build.0 = Release|Any CPU
		{071C7E3F-9666-4557-B7CF-AE9AA88B007F}.Release|x86.ActiveCfg = Release|Any CPU
		{071C7E3F-9666-4557-B7CF-AE9AA88B007F}.Release|x86.Build.0 = Release|Any CPU
		{2B55C863-20E5-414C-9154-596C4B098439}.Debug|Any CPU.ActiveCfg = Debug|Any CPU
		{2B55C863-20E5-414C-9154-596C4B098439}.Debug|Any CPU.Build.0 = Debug|Any CPU
		{2B55C863-20E5-414C-9154-596C4B098439}.Debug|x64.ActiveCfg = Debug|Any CPU
		{2B55C863-20E5-414C-9154-596C4B098439}.Debug|x64.Build.0 = Debug|Any CPU
		{2B55C863-20E5-414C-9154-596C4B098439}.Debug|x86.ActiveCfg = Debug|Any CPU
		{2B55C863-20E5-414C-9154-596C4B098439}.Debug|x86.Build.0 = Debug|Any CPU
		{2B55C863-20E5-414C-9154-596C4B098439}.Release|Any CPU.ActiveCfg = Release|Any CPU
		{2B55C863-20E5-414C-9154-596C4B098439}.Release|Any CPU.Build.0 = Release|Any CPU
		{2B55C863-20E5-414C-9154-596C4B098439}.Release|x64.ActiveCfg = Release|Any CPU
		{2B55C863-20E5-414C-9154-596C4B098439}.Release|x64.Build.0 = Release|Any CPU
		{2B55C863-20E5-414C-9154-596C4B098439}.Release|x86.ActiveCfg = Release|Any CPU
		{2B55C863-20E5-414C-9154-596C4B098439}.Release|x86.Build.0 = Release|Any CPU
	EndGlobalSection
	GlobalSection(SolutionProperties) = preSolution
		HideSolutionNode = FALSE
	EndGlobalSection
	GlobalSection(ExtensibilityGlobals) = postSolution
		SolutionGuid = {31726910-7B7D-4C9B-850A-F03784044D0C}
	EndGlobalSection
EndGlobal
